
Microsoft Visual Studio Solution File, Format Version 12.00
# Visual Studio Version 16
VisualStudioVersion = 16.0.31410.357
MinimumVisualStudioVersion = 10.0.40219.1
Project("{9A19103F-16F7-4668-BE54-9A1E7A4F7556}") = "TIS-NTHUML.ConsoleApp", "TIS-NTHUML.ConsoleApp.csproj", "{4FBA8BE8-A4AF-4383-8E94-38B14B300787}"
EndProject
Global
	GlobalSection(SolutionConfigurationPlatforms) = preSolution
		Debug|Any CPU = Debug|Any CPU
		Release|Any CPU = Release|Any CPU
	EndGlobalSection
	GlobalSection(ProjectConfigurationPlatforms) = postSolution
		{4FBA8BE8-A4AF-4383-8E94-38B14B300787}.Debug|Any CPU.ActiveCfg = Debug|Any CPU
		{4FBA8BE8-A4AF-4383-8E94-38B14B300787}.Debug|Any CPU.Build.0 = Debug|Any CPU
		{4FBA8BE8-A4AF-4383-8E94-38B14B300787}.Release|Any CPU.ActiveCfg = Release|Any CPU
		{4FBA8BE8-A4AF-4383-8E94-38B14B300787}.Release|Any CPU.Build.0 = Release|Any CPU
	EndGlobalSection
	GlobalSection(SolutionProperties) = preSolution
		HideSolutionNode = FALSE
	EndGlobalSection
	GlobalSection(ExtensibilityGlobals) = postSolution
		SolutionGuid = {D5981A72-8B1E-499A-8E1E-D727140D44F4}
	EndGlobalSection
EndGlobal
